// !$*UTF8*$!
{
	archiveVersion = 1;
	classes = {
	};
	objectVersion = 50;
	objects = {

/* Begin PBXBuildFile section */
		F4F0FD7E2333C7AB00A97A0A /* AppDelegate.swift in Sources */ = {isa = PBXBuildFile; fileRef = F4F0FD7D2333C7AB00A97A0A /* AppDelegate.swift */; };
		F4F0FD802333C7AB00A97A0A /* ViewController.swift in Sources */ = {isa = PBXBuildFile; fileRef = F4F0FD7F2333C7AB00A97A0A /* ViewController.swift */; };
		F4F0FD832333C7AB00A97A0A /* Main.storyboard in Resources */ = {isa = PBXBuildFile; fileRef = F4F0FD812333C7AB00A97A0A /* Main.storyboard */; };
		F4F0FD852333C7AC00A97A0A /* Assets.xcassets in Resources */ = {isa = PBXBuildFile; fileRef = F4F0FD842333C7AC00A97A0A /* Assets.xcassets */; };
		F4F0FD882333C7AC00A97A0A /* LaunchScreen.storyboard in Resources */ = {isa = PBXBuildFile; fileRef = F4F0FD862333C7AC00A97A0A /* LaunchScreen.storyboard */; };
/* End PBXBuildFile section */

/* Begin PBXFileReference section */
		F4F0FD7A2333C7AB00A97A0A /* SwitchLanguage.app */ = {isa = PBXFileReference; explicitFileType = wrapper.application; includeInIndex = 0; path = SwitchLanguage.app; sourceTree = BUILT_PRODUCTS_DIR; };
		F4F0FD7D2333C7AB00A97A0A /* AppDelegate.swift */ = {isa = PBXFileReference; lastKnownFileType = sourcecode.swift; path = AppDelegate.swift; sourceTree = "<group>"; };
		F4F0FD7F2333C7AB00A97A0A /* ViewController.swift */ = {isa = PBXFileReference; lastKnownFileType = sourcecode.swift; path = ViewController.swift; sourceTree = "<group>"; };
		F4F0FD822333C7AB00A97A0A /* Base */ = {isa = PBXFileReference; lastKnownFileType = file.storyboard; name = Base; path = Base.lproj/Main.storyboard; sourceTree = "<group>"; };
		F4F0FD842333C7AC00A97A0A /* Assets.xcassets */ = {isa = PBXFileReference; lastKnownFileType = folder.assetcatalog; path = Assets.xcassets; sourceTree = "<group>"; };
		F4F0FD872333C7AC00A97A0A /* Base */ = {isa = PBXFileReference; lastKnownFileType = file.storyboard; name = Base; path = Base.lproj/LaunchScreen.storyboard; sourceTree = "<group>"; };
		F4F0FD892333C7AC00A97A0A /* Info.plist */ = {isa = PBXFileReference; lastKnownFileType = text.plist.xml; path = Info.plist; sourceTree = "<group>"; };
/* End PBXFileReference section */

/* Begin PBXFrameworksBuildPhase section */
		F4F0FD772333C7AB00A97A0A /* Frameworks */ = {
			isa = PBXFrameworksBuildPhase;
			buildActionMask = 2147483647;
			files = (
			);
			runOnlyForDeploymentPostprocessing = 0;
		};
/* End PBXFrameworksBuildPhase section */

/* Begin PBXGroup section */
		F4F0FD712333C7AB00A97A0A = {
			isa = PBXGroup;
			children = (
				F4F0FD7C2333C7AB00A97A0A /* SwitchLanguage */,
				F4F0FD7B2333C7AB00A97A0A /* Products */,
			);
			sourceTree = "<group>";
		};
		F4F0FD7B2333C7AB00A97A0A /* Products */ = {
			isa = PBXGroup;
			children = (
				F4F0FD7A2333C7AB00A97A0A /* SwitchLanguage.app */,
			);
			name = Products;
			sourceTree = "<group>";
		};
		F4F0FD7C2333C7AB00A97A0A /* SwitchLanguage */ = {
			isa = PBXGroup;
			children = (
				F4F0FD7D2333C7AB00A97A0A /* AppDelegate.swift */,
				F4F0FD7F2333C7AB00A97A0A /* ViewController.swift */,
				F4F0FD812333C7AB00A97A0A /* Main.storyboard */,
				F4F0FD842333C7AC00A97A0A /* Assets.xcassets */,
				F4F0FD862333C7AC00A97A0A /* LaunchScreen.storyboard */,
				F4F0FD892333C7AC00A97A0A /* Info.plist */,
			);
			path = SwitchLanguage;
			sourceTree = "<group>";
		};
/* End PBXGroup section */

/* Begin PBXNativeTarget section */
		F4F0FD792333C7AB00A97A0A /* SwitchLanguage */ = {
			isa = PBXNativeTarget;
			buildConfigurationList = F4F0FD8C2333C7AC00A97A0A /* Build configuration list for PBXNativeTarget "SwitchLanguage" */;
			buildPhases = (
				F4F0FD762333C7AB00A97A0A /* Sources */,
				F4F0FD772333C7AB00A97A0A /* Frameworks */,
				F4F0FD782333C7AB00A97A0A /* Resources */,
			);
			buildRules = (
			);
			dependencies = (
			);
			name = SwitchLanguage;
			productName = SwitchLanguage;
			productReference = F4F0FD7A2333C7AB00A97A0A /* SwitchLanguage.app */;
			productType = "com.apple.product-type.application";
		};
/* End PBXNativeTarget section */

/* Begin PBXProject section */
		F4F0FD722333C7AB00A97A0A /* Project object */ = {
			isa = PBXProject;
			attributes = {
				LastSwiftUpdateCheck = 1030;
				LastUpgradeCheck = 1030;
				ORGANIZATIONNAME = "Julio Collado";
				TargetAttributes = {
					F4F0FD792333C7AB00A97A0A = {
						CreatedOnToolsVersion = 10.3;
					};
				};
			};
			buildConfigurationList = F4F0FD752333C7AB00A97A0A /* Build configuration list for PBXProject "SwitchLanguage" */;
			compatibilityVersion = "Xcode 9.3";
			developmentRegion = en;
			hasScannedForEncodings = 0;
			knownRegions = (
				en,
				Base,
			);
			mainGroup = F4F0FD712333C7AB00A97A0A;
			productRefGroup = F4F0FD7B2333C7AB00A97A0A /* Products */;
			projectDirPath = "";
			projectRoot = "";
			targets = (
				F4F0FD792333C7AB00A97A0A /* SwitchLanguage */,
			);
		};
/* End PBXProject section */

/* Begin PBXResourcesBuildPhase section */
		F4F0FD782333C7AB00A97A0A /* Resources */ = {
			isa = PBXResourcesBuildPhase;
			buildActionMask = 2147483647;
			files = (
				F4F0FD882333C7AC00A97A0A /* LaunchScreen.storyboard in Resources */,
				F4F0FD852333C7AC00A97A0A /* Assets.xcassets in Resources */,
				F4F0FD832333C7AB00A97A0A /* Main.storyboard in Resources */,
			);
			runOnlyForDeploymentPostprocessing = 0;
		};
/* End PBXResourcesBuildPhase section */

/* Begin PBXSourcesBuildPhase section */
		F4F0FD762333C7AB00A97A0A /* Sources */ = {
			isa = PBXSourcesBuildPhase;
			buildActionMask = 2147483647;
			files = (
				F4F0FD802333C7AB00A97A0A /* ViewController.swift in Sources */,
				F4F0FD7E2333C7AB00A97A0A /* AppDelegate.swift in Sources */,
			);
			runOnlyForDeploymentPostprocessing = 0;
		};
/* End PBXSourcesBuildPhase section */

/* Begin PBXVariantGroup section */
		F4F0FD812333C7AB00A97A0A /* Main.storyboard */ = {
			isa = PBXVariantGroup;
			children = (
				F4F0FD822333C7AB00A97A0A /* Base */,
			);
			name = Main.storyboard;
			sourceTree = "<group>";
		};
		F4F0FD862333C7AC00A97A0A /* LaunchScreen.storyboard */ = {
			isa = PBXVariantGroup;
			children = (
				F4F0FD872333C7AC00A97A0A /* Base */,
			);
			name = LaunchScreen.storyboard;
			sourceTree = "<group>";
		};
/* End PBXVariantGroup section */

/* Begin XCBuildConfiguration section */
		F4F0FD8A2333C7AC00A97A0A /* Debug */ = {
			isa = XCBuildConfiguration;
			buildSettings = {
				ALWAYS_SEARCH_USER_PATHS = NO;
				CLANG_ANALYZER_NONNULL = YES;
				CLANG_ANALYZER_NUMBER_OBJECT_CONVERSION = YES_AGGRESSIVE;
				CLANG_CXX_LANGUAGE_STANDARD = "gnu++14";
				CLANG_CXX_LIBRARY = "libc++";
				CLANG_ENABLE_MODULES = YES;
				CLANG_ENABLE_OBJC_ARC = YES;
				CLANG_ENABLE_OBJC_WEAK = YES;
				CLANG_WARN_BLOCK_CAPTURE_AUTORELEASING = YES;
				CLANG_WARN_BOOL_CONVERSION = YES;
				CLANG_WARN_COMMA = YES;
				CLANG_WARN_CONSTANT_CONVERSION = YES;
				CLANG_WARN_DEPRECATED_OBJC_IMPLEMENTATIONS = YES;
				CLANG_WARN_DIRECT_OBJC_ISA_USAGE = YES_ERROR;
				CLANG_WARN_DOCUMENTATION_COMMENTS = YES;
				CLANG_WARN_EMPTY_BODY = YES;
				CLANG_WARN_ENUM_CONVERSION = YES;
				CLANG_WARN_INFINITE_RECURSION = YES;
				CLANG_WARN_INT_CONVERSION = YES;
				CLANG_WARN_NON_LITERAL_NULL_CONVERSION = YES;
				CLANG_WARN_OBJC_IMPLICIT_RETAIN_SELF = YES;
				CLANG_WARN_OBJC_LITERAL_CONVERSION = YES;
				CLANG_WARN_OBJC_ROOT_CLASS = YES_ERROR;
				CLANG_WARN_RANGE_LOOP_ANALYSIS = YES;
				CLANG_WARN_STRICT_PROTOTYPES = YES;
				CLANG_WARN_SUSPICIOUS_MOVE = YES;
				CLANG_WARN_UNGUARDED_AVAILABILITY = YES_AGGRESSIVE;
				CLANG_WARN_UNREACHABLE_CODE = YES;
				CLANG_WARN__DUPLICATE_METHOD_MATCH = YES;
				CODE_SIGN_IDENTITY = "iPhone Developer";
				COPY_PHASE_STRIP = NO;
				DEBUG_INFORMATION_FORMAT = dwarf;
				ENABLE_STRICT_OBJC_MSGSEND = YES;
				ENABLE_TESTABILITY = YES;
				GCC_C_LANGUAGE_STANDARD = gnu11;
				GCC_DYNAMIC_NO_PIC = NO;
				GCC_NO_COMMON_BLOCKS = YES;
				GCC_OPTIMIZATION_LEVEL = 0;
				GCC_PREPROCESSOR_DEFINITIONS = (
					"DEBUG=1",
					"$(inherited)",
				);
				GCC_WARN_64_TO_32_BIT_CONVERSION = YES;
				GCC_WARN_ABOUT_RETURN_TYPE = YES_ERROR;
				GCC_WARN_UNDECLARED_SELECTOR = YES;
				GCC_WARN_UNINITIALIZED_AUTOS = YES_AGGRESSIVE;
				GCC_WARN_UNUSED_FUNCTION = YES;
				GCC_WARN_UNUSED_VARIABLE = YES;
				IPHONEOS_DEPLOYMENT_TARGET = 12.4;
				MTL_ENABLE_DEBUG_INFO = INCLUDE_SOURCE;
				MTL_FAST_MATH = YES;
				ONLY_ACTIVE_ARCH = YES;
				SDKROOT = iphoneos;
				SWIFT_ACTIVE_COMPILATION_CONDITIONS = DEBUG;
				SWIFT_OPTIMIZATION_LEVEL = "-Onone";
			};
			name = Debug;
		};
		F4F0FD8B2333C7AC00A97A0A /* Release */ = {
			isa = XCBuildConfiguration;
			buildSettings = {
				ALWAYS_SEARCH_USER_PATHS = NO;
				CLANG_ANALYZER_NONNULL = YES;
				CLANG_ANALYZER_NUMBER_OBJECT_CONVERSION = YES_AGGRESSIVE;
				CLANG_CXX_LANGUAGE_STANDARD = "gnu++14";
				CLANG_CXX_LIBRARY = "libc++";
				CLANG_ENABLE_MODULES = YES;
				CLANG_ENABLE_OBJC_ARC = YES;
				CLANG_ENABLE_OBJC_WEAK = YES;
				CLANG_WARN_BLOCK_CAPTURE_AUTORELEASING = YES;
				CLANG_WARN_BOOL_CONVERSION = YES;
				CLANG_WARN_COMMA = YES;
				CLANG_WARN_CONSTANT_CONVERSION = YES;
				CLANG_WARN_DEPRECATED_OBJC_IMPLEMENTATIONS = YES;
				CLANG_WARN_DIRECT_OBJC_ISA_USAGE = YES_ERROR;
				CLANG_WARN_DOCUMENTATION_COMMENTS = YES;
				CLANG_WARN_EMPTY_BODY = YES;
				CLANG_WARN_ENUM_CONVERSION = YES;
				CLANG_WARN_INFINITE_RECURSION = YES;
				CLANG_WARN_INT_CONVERSION = YES;
				CLANG_WARN_NON_LITERAL_NULL_CONVERSION = YES;
				CLANG_WARN_OBJC_IMPLICIT_RETAIN_SELF = YES;
				CLANG_WARN_OBJC_LITERAL_CONVERSION = YES;
				CLANG_WARN_OBJC_ROOT_CLASS = YES_ERROR;
				CLANG_WARN_RANGE_LOOP_ANALYSIS = YES;
				CLANG_WARN_STRICT_PROTOTYPES = YES;
				CLANG_WARN_SUSPICIOUS_MOVE = YES;
				CLANG_WARN_UNGUARDED_AVAILABILITY = YES_AGGRESSIVE;
				CLANG_WARN_UNREACHABLE_CODE = YES;
				CLANG_WARN__DUPLICATE_METHOD_MATCH = YES;
				CODE_SIGN_IDENTITY = "iPhone Developer";
				COPY_PHASE_STRIP = NO;
				DEBUG_INFORMATION_FORMAT = "dwarf-with-dsym";
				ENABLE_NS_ASSERTIONS = NO;
				ENABLE_STRICT_OBJC_MSGSEND = YES;
				GCC_C_LANGUAGE_STANDARD = gnu11;
				GCC_NO_COMMON_BLOCKS = YES;
				GCC_WARN_64_TO_32_BIT_CONVERSION = YES;
				GCC_WARN_ABOUT_RETURN_TYPE = YES_ERROR;
				GCC_WARN_UNDECLARED_SELECTOR = YES;
				GCC_WARN_UNINITIALIZED_AUTOS = YES_AGGRESSIVE;
				GCC_WARN_UNUSED_FUNCTION = YES;
				GCC_WARN_UNUSED_VARIABLE = YES;
				IPHONEOS_DEPLOYMENT_TARGET = 12.4;
				MTL_ENABLE_DEBUG_INFO = NO;
				MTL_FAST_MATH = YES;
				SDKROOT = iphoneos;
				SWIFT_COMPILATION_MODE = wholemodule;
				SWIFT_OPTIMIZATION_LEVEL = "-O";
				VALIDATE_PRODUCT = YES;
			};
			name = Release;
		};
		F4F0FD8D2333C7AC00A97A0A /* Debug */ = {
			isa = XCBuildConfiguration;
			buildSettings = {
				ASSETCATALOG_COMPILER_APPICON_NAME = AppIcon;
				CODE_SIGN_STYLE = Automatic;
				DEVELOPMENT_TEAM = ACA42AA29E;
				INFOPLIST_FILE = SwitchLanguage/Info.plist;
				LD_RUNPATH_SEARCH_PATHS = (
					"$(inherited)",
					"@executable_path/Frameworks",
				);
				PRODUCT_BUNDLE_IDENTIFIER = com.jcollado.SwitchLanguage;
				PRODUCT_NAME = "$(TARGET_NAME)";
				SWIFT_VERSION = 5.0;
				TARGETED_DEVICE_FAMILY = "1,2";
			};
			name = Debug;
		};
		F4F0FD8E2333C7AC00A97A0A /* Release */ = {
			isa = XCBuildConfiguration;
			buildSettings = {
				ASSETCATALOG_COMPILER_APPICON_NAME = AppIcon;
				CODE_SIGN_STYLE = Automatic;
				DEVELOPMENT_TEAM = ACA42AA29E;
				INFOPLIST_FILE = SwitchLanguage/Info.plist;
				LD_RUNPATH_SEARCH_PATHS = (
					"$(inherited)",
					"@executable_path/Frameworks",
				);
				PRODUCT_BUNDLE_IDENTIFIER = com.jcollado.SwitchLanguage;
				PRODUCT_NAME = "$(TARGET_NAME)";
				SWIFT_VERSION = 5.0;
				TARGETED_DEVICE_FAMILY = "1,2";
			};
			name = Release;
		};
/* End XCBuildConfiguration section */

/* Begin XCConfigurationList section */
		F4F0FD752333C7AB00A97A0A /* Build configuration list for PBXProject "SwitchLanguage" */ = {
			isa = XCConfigurationList;
			buildConfigurations = (
				F4F0FD8A2333C7AC00A97A0A /* Debug */,
				F4F0FD8B2333C7AC00A97A0A /* Release */,
			);
			defaultConfigurationIsVisible = 0;
			defaultConfigurationName = Release;
		};
		F4F0FD8C2333C7AC00A97A0A /* Build configuration list for PBXNativeTarget "SwitchLanguage" */ = {
			isa = XCConfigurationList;
			buildConfigurations = (
				F4F0FD8D2333C7AC00A97A0A /* Debug */,
				F4F0FD8E2333C7AC00A97A0A /* Release */,
			);
			defaultConfigurationIsVisible = 0;
			defaultConfigurationName = Release;
		};
/* End XCConfigurationList section */
	};
	rootObject = F4F0FD722333C7AB00A97A0A /* Project object */;
}
